// !$*UTF8*$!
{
	archiveVersion = 1;
	classes = {
	};
	objectVersion = 46;
	objects = {

/* Begin PBXBuildFile section */
		D0ECB54D1B5752B500156840 /* main.m in Sources */ = {isa = PBXBuildFile; fileRef = D0ECB54C1B5752B500156840 /* main.m */; };
		D0ECB5501B5752B500156840 /* AppDelegate.m in Sources */ = {isa = PBXBuildFile; fileRef = D0ECB54F1B5752B500156840 /* AppDelegate.m */; };
		D0ECB5531B5752B500156840 /* ViewController.m in Sources */ = {isa = PBXBuildFile; fileRef = D0ECB5521B5752B500156840 /* ViewController.m */; };
		D0ECB5561B5752B500156840 /* Main.storyboard in Resources */ = {isa = PBXBuildFile; fileRef = D0ECB5541B5752B500156840 /* Main.storyboard */; };
		D0ECB5581B5752B500156840 /* Images.xcassets in Resources */ = {isa = PBXBuildFile; fileRef = D0ECB5571B5752B500156840 /* Images.xcassets */; };
		D0ECB55B1B5752B500156840 /* LaunchScreen.xib in Resources */ = {isa = PBXBuildFile; fileRef = D0ECB5591B5752B500156840 /* LaunchScreen.xib */; };
		D0ECB5671B5752B500156840 /* YBPulldownViewDemoTests.m in Sources */ = {isa = PBXBuildFile; fileRef = D0ECB5661B5752B500156840 /* YBPulldownViewDemoTests.m */; };
/* End PBXBuildFile section */

/* Begin PBXContainerItemProxy section */
		D0ECB5611B5752B500156840 /* PBXContainerItemProxy */ = {
			isa = PBXContainerItemProxy;
			containerPortal = D0ECB53F1B5752B500156840 /* Project object */;
			proxyType = 1;
			remoteGlobalIDString = D0ECB5461B5752B500156840;
			remoteInfo = YBPulldownViewDemo;
		};
/* End PBXContainerItemProxy section */

/* Begin PBXFileReference section */
		D0ECB5471B5752B500156840 /* YBPulldownViewDemo.app */ = {isa = PBXFileReference; explicitFileType = wrapper.application; includeInIndex = 0; path = YBPulldownViewDemo.app; sourceTree = BUILT_PRODUCTS_DIR; };
		D0ECB54B1B5752B500156840 /* Info.plist */ = {isa = PBXFileReference; lastKnownFileType = text.plist.xml; path = Info.plist; sourceTree = "<group>"; };
		D0ECB54C1B5752B500156840 /* main.m */ = {isa = PBXFileReference; lastKnownFileType = sourcecode.c.objc; path = main.m; sourceTree = "<group>"; };
		D0ECB54E1B5752B500156840 /* AppDelegate.h */ = {isa = PBXFileReference; lastKnownFileType = sourcecode.c.h; path = AppDelegate.h; sourceTree = "<group>"; };
		D0ECB54F1B5752B500156840 /* AppDelegate.m */ = {isa = PBXFileReference; lastKnownFileType = sourcecode.c.objc; path = AppDelegate.m; sourceTree = "<group>"; };
		D0ECB5511B5752B500156840 /* ViewController.h */ = {isa = PBXFileReference; lastKnownFileType = sourcecode.c.h; path = ViewController.h; sourceTree = "<group>"; };
		D0ECB5521B5752B500156840 /* ViewController.m */ = {isa = PBXFileReference; lastKnownFileType = sourcecode.c.objc; path = ViewController.m; sourceTree = "<group>"; };
		D0ECB5551B5752B500156840 /* Base */ = {isa = PBXFileReference; lastKnownFileType = file.storyboard; name = Base; path = Base.lproj/Main.storyboard; sourceTree = "<group>"; };
		D0ECB5571B5752B500156840 /* Images.xcassets */ = {isa = PBXFileReference; lastKnownFileType = folder.assetcatalog; path = Images.xcassets; sourceTree = "<group>"; };
		D0ECB55A1B5752B500156840 /* Base */ = {isa = PBXFileReference; lastKnownFileType = file.xib; name = Base; path = Base.lproj/LaunchScreen.xib; sourceTree = "<group>"; };
		D0ECB5601B5752B500156840 /* YBPulldownViewDemoTests.xctest */ = {isa = PBXFileReference; explicitFileType = wrapper.cfbundle; includeInIndex = 0; path = YBPulldownViewDemoTests.xctest; sourceTree = BUILT_PRODUCTS_DIR; };
		D0ECB5651B5752B500156840 /* Info.plist */ = {isa = PBXFileReference; lastKnownFileType = text.plist.xml; path = Info.plist; sourceTree = "<group>"; };
		D0ECB5661B5752B500156840 /* YBPulldownViewDemoTests.m */ = {isa = PBXFileReference; lastKnownFileType = sourcecode.c.objc; path = YBPulldownViewDemoTests.m; sourceTree = "<group>"; };
/* End PBXFileReference section */

/* Begin PBXFrameworksBuildPhase section */
		D0ECB5441B5752B500156840 /* Frameworks */ = {
			isa = PBXFrameworksBuildPhase;
			buildActionMask = 2147483647;
			files = (
			);
			runOnlyForDeploymentPostprocessing = 0;
		};
		D0ECB55D1B5752B500156840 /* Frameworks */ = {
			isa = PBXFrameworksBuildPhase;
			buildActionMask = 2147483647;
			files = (
			);
			runOnlyForDeploymentPostprocessing = 0;
		};
/* End PBXFrameworksBuildPhase section */

/* Begin PBXGroup section */
		D0ECB53E1B5752B500156840 = {
			isa = PBXGroup;
			children = (
				D0ECB5491B5752B500156840 /* YBPulldownViewDemo */,
				D0ECB5631B5752B500156840 /* YBPulldownViewDemoTests */,
				D0ECB5481B5752B500156840 /* Products */,
			);
			sourceTree = "<group>";
		};
		D0ECB5481B5752B500156840 /* Products */ = {
			isa = PBXGroup;
			children = (
				D0ECB5471B5752B500156840 /* YBPulldownViewDemo.app */,
				D0ECB5601B5752B500156840 /* YBPulldownViewDemoTests.xctest */,
			);
			name = Products;
			sourceTree = "<group>";
		};
		D0ECB5491B5752B500156840 /* YBPulldownViewDemo */ = {
			isa = PBXGroup;
			children = (
				D0ECB54E1B5752B500156840 /* AppDelegate.h */,
				D0ECB54F1B5752B500156840 /* AppDelegate.m */,
				D0ECB5511B5752B500156840 /* ViewController.h */,
				D0ECB5521B5752B500156840 /* ViewController.m */,
				D0ECB5541B5752B500156840 /* Main.storyboard */,
				D0ECB5571B5752B500156840 /* Images.xcassets */,
				D0ECB5591B5752B500156840 /* LaunchScreen.xib */,
				D0ECB54A1B5752B500156840 /* Supporting Files */,
			);
			path = YBPulldownViewDemo;
			sourceTree = "<group>";
		};
		D0ECB54A1B5752B500156840 /* Supporting Files */ = {
			isa = PBXGroup;
			children = (
				D0ECB54B1B5752B500156840 /* Info.plist */,
				D0ECB54C1B5752B500156840 /* main.m */,
			);
			name = "Supporting Files";
			sourceTree = "<group>";
		};
		D0ECB5631B5752B500156840 /* YBPulldownViewDemoTests */ = {
			isa = PBXGroup;
			children = (
				D0ECB5661B5752B500156840 /* YBPulldownViewDemoTests.m */,
				D0ECB5641B5752B500156840 /* Supporting Files */,
			);
			path = YBPulldownViewDemoTests;
			sourceTree = "<group>";
		};
		D0ECB5641B5752B500156840 /* Supporting Files */ = {
			isa = PBXGroup;
			children = (
				D0ECB5651B5752B500156840 /* Info.plist */,
			);
			name = "Supporting Files";
			sourceTree = "<group>";
		};
/* End PBXGroup section */

/* Begin PBXNativeTarget section */
		D0ECB5461B5752B500156840 /* YBPulldownViewDemo */ = {
			isa = PBXNativeTarget;
			buildConfigurationList = D0ECB56A1B5752B500156840 /* Build configuration list for PBXNativeTarget "YBPulldownViewDemo" */;
			buildPhases = (
				D0ECB5431B5752B500156840 /* Sources */,
				D0ECB5441B5752B500156840 /* Frameworks */,
				D0ECB5451B5752B500156840 /* Resources */,
			);
			buildRules = (
			);
			dependencies = (
			);
			name = YBPulldownViewDemo;
			productName = YBPulldownViewDemo;
			productReference = D0ECB5471B5752B500156840 /* YBPulldownViewDemo.app */;
			productType = "com.apple.product-type.application";
		};
		D0ECB55F1B5752B500156840 /* YBPulldownViewDemoTests */ = {
			isa = PBXNativeTarget;
			buildConfigurationList = D0ECB56D1B5752B500156840 /* Build configuration list for PBXNativeTarget "YBPulldownViewDemoTests" */;
			buildPhases = (
				D0ECB55C1B5752B500156840 /* Sources */,
				D0ECB55D1B5752B500156840 /* Frameworks */,
				D0ECB55E1B5752B500156840 /* Resources */,
			);
			buildRules = (
			);
			dependencies = (
				D0ECB5621B5752B500156840 /* PBXTargetDependency */,
			);
			name = YBPulldownViewDemoTests;
			productName = YBPulldownViewDemoTests;
			productReference = D0ECB5601B5752B500156840 /* YBPulldownViewDemoTests.xctest */;
			productType = "com.apple.product-type.bundle.unit-test";
		};
/* End PBXNativeTarget section */

/* Begin PBXProject section */
		D0ECB53F1B5752B500156840 /* Project object */ = {
			isa = PBXProject;
			attributes = {
				LastUpgradeCheck = 0640;
				ORGANIZATIONNAME = "macbook air";
				TargetAttributes = {
					D0ECB5461B5752B500156840 = {
						CreatedOnToolsVersion = 6.4;
					};
					D0ECB55F1B5752B500156840 = {
						CreatedOnToolsVersion = 6.4;
						TestTargetID = D0ECB5461B5752B500156840;
					};
				};
			};
			buildConfigurationList = D0ECB5421B5752B500156840 /* Build configuration list for PBXProject "YBPulldownViewDemo" */;
			compatibilityVersion = "Xcode 3.2";
			developmentRegion = English;
			hasScannedForEncodings = 0;
			knownRegions = (
				en,
				Base,
			);
			mainGroup = D0ECB53E1B5752B500156840;
			productRefGroup = D0ECB5481B5752B500156840 /* Products */;
			projectDirPath = "";
			projectRoot = "";
			targets = (
				D0ECB5461B5752B500156840 /* YBPulldownViewDemo */,
				D0ECB55F1B5752B500156840 /* YBPulldownViewDemoTests */,
			);
		};
/* End PBXProject section */

/* Begin PBXResourcesBuildPhase section */
		D0ECB5451B5752B500156840 /* Resources */ = {
			isa = PBXResourcesBuildPhase;
			buildActionMask = 2147483647;
			files = (
				D0ECB5561B5752B500156840 /* Main.storyboard in Resources */,
				D0ECB55B1B5752B500156840 /* LaunchScreen.xib in Resources */,
				D0ECB5581B5752B500156840 /* Images.xcassets in Resources */,
			);
			runOnlyForDeploymentPostprocessing = 0;
		};
		D0ECB55E1B5752B500156840 /* Resources */ = {
			isa = PBXResourcesBuildPhase;
			buildActionMask = 2147483647;
			files = (
			);
			runOnlyForDeploymentPostprocessing = 0;
		};
/* End PBXResourcesBuildPhase section */

/* Begin PBXSourcesBuildPhase section */
		D0ECB5431B5752B500156840 /* Sources */ = {
			isa = PBXSourcesBuildPhase;
			buildActionMask = 2147483647;
			files = (
				D0ECB5531B5752B500156840 /* ViewController.m in Sources */,
				D0ECB5501B5752B500156840 /* AppDelegate.m in Sources */,
				D0ECB54D1B5752B500156840 /* main.m in Sources */,
			);
			runOnlyForDeploymentPostprocessing = 0;
		};
		D0ECB55C1B5752B500156840 /* Sources */ = {
			isa = PBXSourcesBuildPhase;
			buildActionMask = 2147483647;
			files = (
				D0ECB5671B5752B500156840 /* YBPulldownViewDemoTests.m in Sources */,
			);
			runOnlyForDeploymentPostprocessing = 0;
		};
/* End PBXSourcesBuildPhase section */

/* Begin PBXTargetDependency section */
		D0ECB5621B5752B500156840 /* PBXTargetDependency */ = {
			isa = PBXTargetDependency;
			target = D0ECB5461B5752B500156840 /* YBPulldownViewDemo */;
			targetProxy = D0ECB5611B5752B500156840 /* PBXContainerItemProxy */;
		};
/* End PBXTargetDependency section */

/* Begin PBXVariantGroup section */
		D0ECB5541B5752B500156840 /* Main.storyboard */ = {
			isa = PBXVariantGroup;
			children = (
				D0ECB5551B5752B500156840 /* Base */,
			);
			name = Main.storyboard;
			sourceTree = "<group>";
		};
		D0ECB5591B5752B500156840 /* LaunchScreen.xib */ = {
			isa = PBXVariantGroup;
			children = (
				D0ECB55A1B5752B500156840 /* Base */,
			);
			name = LaunchScreen.xib;
			sourceTree = "<group>";
		};
/* End PBXVariantGroup section */

/* Begin XCBuildConfiguration section */
		D0ECB5681B5752B500156840 /* Debug */ = {
			isa = XCBuildConfiguration;
			buildSettings = {
				ALWAYS_SEARCH_USER_PATHS = NO;
				CLANG_CXX_LANGUAGE_STANDARD = "gnu++0x";
				CLANG_CXX_LIBRARY = "libc++";
				CLANG_ENABLE_MODULES = YES;
				CLANG_ENABLE_OBJC_ARC = YES;
				CLANG_WARN_BOOL_CONVERSION = YES;
				CLANG_WARN_CONSTANT_CONVERSION = YES;
				CLANG_WARN_DIRECT_OBJC_ISA_USAGE = YES_ERROR;
				CLANG_WARN_EMPTY_BODY = YES;
				CLANG_WARN_ENUM_CONVERSION = YES;
				CLANG_WARN_INT_CONVERSION = YES;
				CLANG_WARN_OBJC_ROOT_CLASS = YES_ERROR;
				CLANG_WARN_UNREACHABLE_CODE = YES;
				CLANG_WARN__DUPLICATE_METHOD_MATCH = YES;
				"CODE_SIGN_IDENTITY[sdk=iphoneos*]" = "iPhone Developer";
				COPY_PHASE_STRIP = NO;
				DEBUG_INFORMATION_FORMAT = "dwarf-with-dsym";
				ENABLE_STRICT_OBJC_MSGSEND = YES;
				GCC_C_LANGUAGE_STANDARD = gnu99;
				GCC_DYNAMIC_NO_PIC = NO;
				GCC_NO_COMMON_BLOCKS = YES;
				GCC_OPTIMIZATION_LEVEL = 0;
				GCC_PREPROCESSOR_DEFINITIONS = (
					"DEBUG=1",
					"$(inherited)",
				);
				GCC_SYMBOLS_PRIVATE_EXTERN = NO;
				GCC_WARN_64_TO_32_BIT_CONVERSION = YES;
				GCC_WARN_ABOUT_RETURN_TYPE = YES_ERROR;
				GCC_WARN_UNDECLARED_SELECTOR = YES;
				GCC_WARN_UNINITIALIZED_AUTOS = YES_AGGRESSIVE;
				GCC_WARN_UNUSED_FUNCTION = YES;
				GCC_WARN_UNUSED_VARIABLE = YES;
				IPHONEOS_DEPLOYMENT_TARGET = 8.4;
				MTL_ENABLE_DEBUG_INFO = YES;
				ONLY_ACTIVE_ARCH = YES;
				SDKROOT = iphoneos;
			};
			name = Debug;
		};
		D0ECB5691B5752B500156840 /* Release */ = {
			isa = XCBuildConfiguration;
			buildSettings = {
				ALWAYS_SEARCH_USER_PATHS = NO;
				CLANG_CXX_LANGUAGE_STANDARD = "gnu++0x";
				CLANG_CXX_LIBRARY = "libc++";
				CLANG_ENABLE_MODULES = YES;
				CLANG_ENABLE_OBJC_ARC = YES;
				CLANG_WARN_BOOL_CONVERSION = YES;
				CLANG_WARN_CONSTANT_CONVERSION = YES;
				CLANG_WARN_DIRECT_OBJC_ISA_USAGE = YES_ERROR;
				CLANG_WARN_EMPTY_BODY = YES;
				CLANG_WARN_ENUM_CONVERSION = YES;
				CLANG_WARN_INT_CONVERSION = YES;
				CLANG_WARN_OBJC_ROOT_CLASS = YES_ERROR;
				CLANG_WARN_UNREACHABLE_CODE = YES;
				CLANG_WARN__DUPLICATE_METHOD_MATCH = YES;
				"CODE_SIGN_IDENTITY[sdk=iphoneos*]" = "iPhone Developer";
				COPY_PHASE_STRIP = NO;
				DEBUG_INFORMATION_FORMAT = "dwarf-with-dsym";
				ENABLE_NS_ASSERTIONS = NO;
				ENABLE_STRICT_OBJC_MSGSEND = YES;
				GCC_C_LANGUAGE_STANDARD = gnu99;
				GCC_NO_COMMON_BLOCKS = YES;
				GCC_WARN_64_TO_32_BIT_CONVERSION = YES;
				GCC_WARN_ABOUT_RETURN_TYPE = YES_ERROR;
				GCC_WARN_UNDECLARED_SELECTOR = YES;
				GCC_WARN_UNINITIALIZED_AUTOS = YES_AGGRESSIVE;
				GCC_WARN_UNUSED_FUNCTION = YES;
				GCC_WARN_UNUSED_VARIABLE = YES;
				IPHONEOS_DEPLOYMENT_TARGET = 8.4;
				MTL_ENABLE_DEBUG_INFO = NO;
				SDKROOT = iphoneos;
				VALIDATE_PRODUCT = YES;
			};
			name = Release;
		};
		D0ECB56B1B5752B500156840 /* Debug */ = {
			isa = XCBuildConfiguration;
			buildSettings = {
				ASSETCATALOG_COMPILER_APPICON_NAME = AppIcon;
				INFOPLIST_FILE = YBPulldownViewDemo/Info.plist;
				LD_RUNPATH_SEARCH_PATHS = "$(inherited) @executable_path/Frameworks";
				PRODUCT_NAME = "$(TARGET_NAME)";
			};
			name = Debug;
		};
		D0ECB56C1B5752B500156840 /* Release */ = {
			isa = XCBuildConfiguration;
			buildSettings = {
				ASSETCATALOG_COMPILER_APPICON_NAME = AppIcon;
				INFOPLIST_FILE = YBPulldownViewDemo/Info.plist;
				LD_RUNPATH_SEARCH_PATHS = "$(inherited) @executable_path/Frameworks";
				PRODUCT_NAME = "$(TARGET_NAME)";
			};
			name = Release;
		};
		D0ECB56E1B5752B500156840 /* Debug */ = {
			isa = XCBuildConfiguration;
			buildSettings = {
				BUNDLE_LOADER = "$(TEST_HOST)";
				FRAMEWORK_SEARCH_PATHS = (
					"$(SDKROOT)/Developer/Library/Frameworks",
					"$(inherited)",
				);
				GCC_PREPROCESSOR_DEFINITIONS = (
					"DEBUG=1",
					"$(inherited)",
				);
				INFOPLIST_FILE = YBPulldownViewDemoTests/Info.plist;
				LD_RUNPATH_SEARCH_PATHS = "$(inherited) @executable_path/Frameworks @loader_path/Frameworks";
				PRODUCT_NAME = "$(TARGET_NAME)";
				TEST_HOST = "$(BUILT_PRODUCTS_DIR)/YBPulldownViewDemo.app/YBPulldownViewDemo";
			};
			name = Debug;
		};
		D0ECB56F1B5752B500156840 /* Release */ = {
			isa = XCBuildConfiguration;
			buildSettings = {
				BUNDLE_LOADER = "$(TEST_HOST)";
				FRAMEWORK_SEARCH_PATHS = (
					"$(SDKROOT)/Developer/Library/Frameworks",
					"$(inherited)",
				);
				INFOPLIST_FILE = YBPulldownViewDemoTests/Info.plist;
				LD_RUNPATH_SEARCH_PATHS = "$(inherited) @executable_path/Frameworks @loader_path/Frameworks";
				PRODUCT_NAME = "$(TARGET_NAME)";
				TEST_HOST = "$(BUILT_PRODUCTS_DIR)/YBPulldownViewDemo.app/YBPulldownViewDemo";
			};
			name = Release;
		};
/* End XCBuildConfiguration section */

/* Begin XCConfigurationList section */
		D0ECB5421B5752B500156840 /* Build configuration list for PBXProject "YBPulldownViewDemo" */ = {
			isa = XCConfigurationList;
			buildConfigurations = (
				D0ECB5681B5752B500156840 /* Debug */,
				D0ECB5691B5752B500156840 /* Release */,
			);
			defaultConfigurationIsVisible = 0;
			defaultConfigurationName = Release;
		};
		D0ECB56A1B5752B500156840 /* Build configuration list for PBXNativeTarget "YBPulldownViewDemo" */ = {
			isa = XCConfigurationList;
			buildConfigurations = (
				D0ECB56B1B5752B500156840 /* Debug */,
				D0ECB56C1B5752B500156840 /* Release */,
			);
			defaultConfigurationIsVisible = 0;
		};
		D0ECB56D1B5752B500156840 /* Build configuration list for PBXNativeTarget "YBPulldownViewDemoTests" */ = {
			isa = XCConfigurationList;
			buildConfigurations = (
				D0ECB56E1B5752B500156840 /* Debug */,
				D0ECB56F1B5752B500156840 /* Release */,
			);
			defaultConfigurationIsVisible = 0;
		};
/* End XCConfigurationList section */
	};
	rootObject = D0ECB53F1B5752B500156840 /* Project object */;
}
